// !$*UTF8*$!
{
	archiveVersion = 1;
	classes = {
	};
	objectVersion = 46;
	objects = {

/* Begin PBXBuildFile section */
		494DB4AD1E0C33D3002DC1CD /* ML_Drag.png in Resources */ = {isa = PBXBuildFile; fileRef = 494DB4A71E0C33D3002DC1CD /* ML_Drag.png */; };
		494DB4AE1E0C33D3002DC1CD /* ML_Expand.png in Resources */ = {isa = PBXBuildFile; fileRef = 494DB4A81E0C33D3002DC1CD /* ML_Expand.png */; };
		494DB4AF1E0C33D3002DC1CD /* MLLog.storyboard in Resources */ = {isa = PBXBuildFile; fileRef = 494DB4AA1E0C33D3002DC1CD /* MLLog.storyboard */; };
		494DB4B01E0C33D3002DC1CD /* MLLogVC.m in Sources */ = {isa = PBXBuildFile; fileRef = 494DB4AC1E0C33D3002DC1CD /* MLLogVC.m */; };
		49FF51F01E0C0BA000EE5CC1 /* main.m in Sources */ = {isa = PBXBuildFile; fileRef = 49FF51EF1E0C0BA000EE5CC1 /* main.m */; };
		49FF51F31E0C0BA100EE5CC1 /* AppDelegate.m in Sources */ = {isa = PBXBuildFile; fileRef = 49FF51F21E0C0BA100EE5CC1 /* AppDelegate.m */; };
		49FF51F61E0C0BA100EE5CC1 /* ViewControllerA.m in Sources */ = {isa = PBXBuildFile; fileRef = 49FF51F51E0C0BA100EE5CC1 /* ViewControllerA.m */; };
		49FF51F91E0C0BA100EE5CC1 /* Main.storyboard in Resources */ = {isa = PBXBuildFile; fileRef = 49FF51F71E0C0BA100EE5CC1 /* Main.storyboard */; };
		49FF51FB1E0C0BA100EE5CC1 /* Assets.xcassets in Resources */ = {isa = PBXBuildFile; fileRef = 49FF51FA1E0C0BA100EE5CC1 /* Assets.xcassets */; };
		49FF51FE1E0C0BA100EE5CC1 /* LaunchScreen.storyboard in Resources */ = {isa = PBXBuildFile; fileRef = 49FF51FC1E0C0BA100EE5CC1 /* LaunchScreen.storyboard */; };
		49FF520D1E0C0CE400EE5CC1 /* ViewControllerB.m in Sources */ = {isa = PBXBuildFile; fileRef = 49FF520C1E0C0CE400EE5CC1 /* ViewControllerB.m */; };
		FB827342C07266D417EE1986 /* libPods-MLLogDemo.a in Frameworks */ = {isa = PBXBuildFile; fileRef = 58E653F7D138279D4559B11C /* libPods-MLLogDemo.a */; };
/* End PBXBuildFile section */

/* Begin PBXFileReference section */
		494DB4A71E0C33D3002DC1CD /* ML_Drag.png */ = {isa = PBXFileReference; lastKnownFileType = image.png; path = ML_Drag.png; sourceTree = "<group>"; };
		494DB4A81E0C33D3002DC1CD /* ML_Expand.png */ = {isa = PBXFileReference; lastKnownFileType = image.png; path = ML_Expand.png; sourceTree = "<group>"; };
		494DB4A91E0C33D3002DC1CD /* MLLog.h */ = {isa = PBXFileReference; fileEncoding = 4; lastKnownFileType = sourcecode.c.h; path = MLLog.h; sourceTree = "<group>"; };
		494DB4AA1E0C33D3002DC1CD /* MLLog.storyboard */ = {isa = PBXFileReference; fileEncoding = 4; lastKnownFileType = file.storyboard; path = MLLog.storyboard; sourceTree = "<group>"; };
		494DB4AB1E0C33D3002DC1CD /* MLLogVC.h */ = {isa = PBXFileReference; fileEncoding = 4; lastKnownFileType = sourcecode.c.h; path = MLLogVC.h; sourceTree = "<group>"; };
		494DB4AC1E0C33D3002DC1CD /* MLLogVC.m */ = {isa = PBXFileReference; fileEncoding = 4; lastKnownFileType = sourcecode.c.objc; path = MLLogVC.m; sourceTree = "<group>"; };
		49FF51EB1E0C0BA000EE5CC1 /* MLLogDemo.app */ = {isa = PBXFileReference; explicitFileType = wrapper.application; includeInIndex = 0; path = MLLogDemo.app; sourceTree = BUILT_PRODUCTS_DIR; };
		49FF51EF1E0C0BA000EE5CC1 /* main.m */ = {isa = PBXFileReference; lastKnownFileType = sourcecode.c.objc; path = main.m; sourceTree = "<group>"; };
		49FF51F11E0C0BA000EE5CC1 /* AppDelegate.h */ = {isa = PBXFileReference; lastKnownFileType = sourcecode.c.h; path = AppDelegate.h; sourceTree = "<group>"; };
		49FF51F21E0C0BA100EE5CC1 /* AppDelegate.m */ = {isa = PBXFileReference; lastKnownFileType = sourcecode.c.objc; path = AppDelegate.m; sourceTree = "<group>"; };
		49FF51F41E0C0BA100EE5CC1 /* ViewControllerA.h */ = {isa = PBXFileReference; lastKnownFileType = sourcecode.c.h; path = ViewControllerA.h; sourceTree = "<group>"; };
		49FF51F51E0C0BA100EE5CC1 /* ViewControllerA.m */ = {isa = PBXFileReference; lastKnownFileType = sourcecode.c.objc; path = ViewControllerA.m; sourceTree = "<group>"; };
		49FF51F81E0C0BA100EE5CC1 /* Base */ = {isa = PBXFileReference; lastKnownFileType = file.storyboard; name = Base; path = Base.lproj/Main.storyboard; sourceTree = "<group>"; };
		49FF51FA1E0C0BA100EE5CC1 /* Assets.xcassets */ = {isa = PBXFileReference; lastKnownFileType = folder.assetcatalog; path = Assets.xcassets; sourceTree = "<group>"; };
		49FF51FD1E0C0BA100EE5CC1 /* Base */ = {isa = PBXFileReference; lastKnownFileType = file.storyboard; name = Base; path = Base.lproj/LaunchScreen.storyboard; sourceTree = "<group>"; };
		49FF51FF1E0C0BA100EE5CC1 /* Info.plist */ = {isa = PBXFileReference; lastKnownFileType = text.plist.xml; path = Info.plist; sourceTree = "<group>"; };
		49FF520B1E0C0CE400EE5CC1 /* ViewControllerB.h */ = {isa = PBXFileReference; fileEncoding = 4; lastKnownFileType = sourcecode.c.h; path = ViewControllerB.h; sourceTree = "<group>"; };
		49FF520C1E0C0CE400EE5CC1 /* ViewControllerB.m */ = {isa = PBXFileReference; fileEncoding = 4; lastKnownFileType = sourcecode.c.objc; path = ViewControllerB.m; sourceTree = "<group>"; };
		58E653F7D138279D4559B11C /* libPods-MLLogDemo.a */ = {isa = PBXFileReference; explicitFileType = archive.ar; includeInIndex = 0; path = "libPods-MLLogDemo.a"; sourceTree = BUILT_PRODUCTS_DIR; };
		CDD6A97F34A5FD6E20173F95 /* Pods-MLLogDemo.debug.xcconfig */ = {isa = PBXFileReference; includeInIndex = 1; lastKnownFileType = text.xcconfig; name = "Pods-MLLogDemo.debug.xcconfig"; path = "Pods/Target Support Files/Pods-MLLogDemo/Pods-MLLogDemo.debug.xcconfig"; sourceTree = "<group>"; };
		F6F637A12529DD3319AA9FE6 /* Pods-MLLogDemo.release.xcconfig */ = {isa = PBXFileReference; includeInIndex = 1; lastKnownFileType = text.xcconfig; name = "Pods-MLLogDemo.release.xcconfig"; path = "Pods/Target Support Files/Pods-MLLogDemo/Pods-MLLogDemo.release.xcconfig"; sourceTree = "<group>"; };
/* End PBXFileReference section */

/* Begin PBXFrameworksBuildPhase section */
		49FF51E81E0C0BA000EE5CC1 /* Frameworks */ = {
			isa = PBXFrameworksBuildPhase;
			buildActionMask = 2147483647;
			files = (
				FB827342C07266D417EE1986 /* libPods-MLLogDemo.a in Frameworks */,
			);
			runOnlyForDeploymentPostprocessing = 0;
		};
/* End PBXFrameworksBuildPhase section */

/* Begin PBXGroup section */
		494DB4A61E0C33D3002DC1CD /* MLLog */ = {
			isa = PBXGroup;
			children = (
				494DB4A71E0C33D3002DC1CD /* ML_Drag.png */,
				494DB4A81E0C33D3002DC1CD /* ML_Expand.png */,
				494DB4A91E0C33D3002DC1CD /* MLLog.h */,
				494DB4AA1E0C33D3002DC1CD /* MLLog.storyboard */,
				494DB4AB1E0C33D3002DC1CD /* MLLogVC.h */,
				494DB4AC1E0C33D3002DC1CD /* MLLogVC.m */,
			);
			name = MLLog;
			path = ../../MLLog;
			sourceTree = "<group>";
		};
		49FF51E21E0C0BA000EE5CC1 = {
			isa = PBXGroup;
			children = (
				49FF51ED1E0C0BA000EE5CC1 /* MLLogDemo */,
				49FF51EC1E0C0BA000EE5CC1 /* Products */,
				F4F3152E7BA8A59F951B4A35 /* Pods */,
				9A64B36A1D0951D74F733114 /* Frameworks */,
			);
			sourceTree = "<group>";
		};
		49FF51EC1E0C0BA000EE5CC1 /* Products */ = {
			isa = PBXGroup;
			children = (
				49FF51EB1E0C0BA000EE5CC1 /* MLLogDemo.app */,
			);
			name = Products;
			sourceTree = "<group>";
		};
		49FF51ED1E0C0BA000EE5CC1 /* MLLogDemo */ = {
			isa = PBXGroup;
			children = (
				494DB4A61E0C33D3002DC1CD /* MLLog */,
				49FF51F11E0C0BA000EE5CC1 /* AppDelegate.h */,
				49FF51F21E0C0BA100EE5CC1 /* AppDelegate.m */,
				49FF51F41E0C0BA100EE5CC1 /* ViewControllerA.h */,
				49FF51F51E0C0BA100EE5CC1 /* ViewControllerA.m */,
				49FF520B1E0C0CE400EE5CC1 /* ViewControllerB.h */,
				49FF520C1E0C0CE400EE5CC1 /* ViewControllerB.m */,
				49FF51F71E0C0BA100EE5CC1 /* Main.storyboard */,
				49FF51FA1E0C0BA100EE5CC1 /* Assets.xcassets */,
				49FF51FC1E0C0BA100EE5CC1 /* LaunchScreen.storyboard */,
				49FF51FF1E0C0BA100EE5CC1 /* Info.plist */,
				49FF51EE1E0C0BA000EE5CC1 /* Supporting Files */,
			);
			path = MLLogDemo;
			sourceTree = "<group>";
		};
		49FF51EE1E0C0BA000EE5CC1 /* Supporting Files */ = {
			isa = PBXGroup;
			children = (
				49FF51EF1E0C0BA000EE5CC1 /* main.m */,
			);
			name = "Supporting Files";
			sourceTree = "<group>";
		};
		9A64B36A1D0951D74F733114 /* Frameworks */ = {
			isa = PBXGroup;
			children = (
				58E653F7D138279D4559B11C /* libPods-MLLogDemo.a */,
			);
			name = Frameworks;
			sourceTree = "<group>";
		};
		F4F3152E7BA8A59F951B4A35 /* Pods */ = {
			isa = PBXGroup;
			children = (
				CDD6A97F34A5FD6E20173F95 /* Pods-MLLogDemo.debug.xcconfig */,
				F6F637A12529DD3319AA9FE6 /* Pods-MLLogDemo.release.xcconfig */,
			);
			name = Pods;
			sourceTree = "<group>";
		};
/* End PBXGroup section */

/* Begin PBXNativeTarget section */
		49FF51EA1E0C0BA000EE5CC1 /* MLLogDemo */ = {
			isa = PBXNativeTarget;
			buildConfigurationList = 49FF52021E0C0BA100EE5CC1 /* Build configuration list for PBXNativeTarget "MLLogDemo" */;
			buildPhases = (
				DF1C584CC65C5FE40F95C4C4 /* [CP] Check Pods Manifest.lock */,
				49FF51E71E0C0BA000EE5CC1 /* Sources */,
				49FF51E81E0C0BA000EE5CC1 /* Frameworks */,
				49FF51E91E0C0BA000EE5CC1 /* Resources */,
				43420E6A80332FAE40E33734 /* [CP] Embed Pods Frameworks */,
				73E31648D4E6C37F2DDC9083 /* [CP] Copy Pods Resources */,
			);
			buildRules = (
			);
			dependencies = (
			);
			name = MLLogDemo;
			productName = MLLogDemo;
			productReference = 49FF51EB1E0C0BA000EE5CC1 /* MLLogDemo.app */;
			productType = "com.apple.product-type.application";
		};
/* End PBXNativeTarget section */

/* Begin PBXProject section */
		49FF51E31E0C0BA000EE5CC1 /* Project object */ = {
			isa = PBXProject;
			attributes = {
				LastUpgradeCheck = 0730;
				ORGANIZATIONNAME = com.creatidea;
				TargetAttributes = {
					49FF51EA1E0C0BA000EE5CC1 = {
						CreatedOnToolsVersion = 7.3.1;
					};
				};
			};
			buildConfigurationList = 49FF51E61E0C0BA000EE5CC1 /* Build configuration list for PBXProject "MLLogDemo" */;
			compatibilityVersion = "Xcode 3.2";
			developmentRegion = English;
			hasScannedForEncodings = 0;
			knownRegions = (
				en,
				Base,
			);
			mainGroup = 49FF51E21E0C0BA000EE5CC1;
			productRefGroup = 49FF51EC1E0C0BA000EE5CC1 /* Products */;
			projectDirPath = "";
			projectRoot = "";
			targets = (
				49FF51EA1E0C0BA000EE5CC1 /* MLLogDemo */,
			);
		};
/* End PBXProject section */

/* Begin PBXResourcesBuildPhase section */
		49FF51E91E0C0BA000EE5CC1 /* Resources */ = {
			isa = PBXResourcesBuildPhase;
			buildActionMask = 2147483647;
			files = (
				494DB4AD1E0C33D3002DC1CD /* ML_Drag.png in Resources */,
				49FF51FE1E0C0BA100EE5CC1 /* LaunchScreen.storyboard in Resources */,
				49FF51FB1E0C0BA100EE5CC1 /* Assets.xcassets in Resources */,
				494DB4AE1E0C33D3002DC1CD /* ML_Expand.png in Resources */,
				494DB4AF1E0C33D3002DC1CD /* MLLog.storyboard in Resources */,
				49FF51F91E0C0BA100EE5CC1 /* Main.storyboard in Resources */,
			);
			runOnlyForDeploymentPostprocessing = 0;
		};
/* End PBXResourcesBuildPhase section */

/* Begin PBXShellScriptBuildPhase section */
		43420E6A80332FAE40E33734 /* [CP] Embed Pods Frameworks */ = {
			isa = PBXShellScriptBuildPhase;
			buildActionMask = 2147483647;
			files = (
			);
			inputPaths = (
			);
			name = "[CP] Embed Pods Frameworks";
			outputPaths = (
			);
			runOnlyForDeploymentPostprocessing = 0;
			shellPath = /bin/sh;
			shellScript = "\"${SRCROOT}/Pods/Target Support Files/Pods-MLLogDemo/Pods-MLLogDemo-frameworks.sh\"\n";
			showEnvVarsInLog = 0;
		};
		73E31648D4E6C37F2DDC9083 /* [CP] Copy Pods Resources */ = {
			isa = PBXShellScriptBuildPhase;
			buildActionMask = 2147483647;
			files = (
			);
			inputPaths = (
			);
			name = "[CP] Copy Pods Resources";
			outputPaths = (
			);
			runOnlyForDeploymentPostprocessing = 0;
			shellPath = /bin/sh;
			shellScript = "\"${SRCROOT}/Pods/Target Support Files/Pods-MLLogDemo/Pods-MLLogDemo-resources.sh\"\n";
			showEnvVarsInLog = 0;
		};
		DF1C584CC65C5FE40F95C4C4 /* [CP] Check Pods Manifest.lock */ = {
			isa = PBXShellScriptBuildPhase;
			buildActionMask = 2147483647;
			files = (
			);
			inputPaths = (
			);
			name = "[CP] Check Pods Manifest.lock";
			outputPaths = (
			);
			runOnlyForDeploymentPostprocessing = 0;
			shellPath = /bin/sh;
			shellScript = "diff \"${PODS_ROOT}/../Podfile.lock\" \"${PODS_ROOT}/Manifest.lock\" > /dev/null\nif [ $? != 0 ] ; then\n    # print error to STDERR\n    echo \"error: The sandbox is not in sync with the Podfile.lock. Run 'pod install' or update your CocoaPods installation.\" >&2\n    exit 1\nfi\n";
			showEnvVarsInLog = 0;
		};
/* End PBXShellScriptBuildPhase section */

/* Begin PBXSourcesBuildPhase section */
		49FF51E71E0C0BA000EE5CC1 /* Sources */ = {
			isa = PBXSourcesBuildPhase;
			buildActionMask = 2147483647;
			files = (
				49FF51F61E0C0BA100EE5CC1 /* ViewControllerA.m in Sources */,
				49FF51F31E0C0BA100EE5CC1 /* AppDelegate.m in Sources */,
				49FF51F01E0C0BA000EE5CC1 /* main.m in Sources */,
				49FF520D1E0C0CE400EE5CC1 /* ViewControllerB.m in Sources */,
				494DB4B01E0C33D3002DC1CD /* MLLogVC.m in Sources */,
			);
			runOnlyForDeploymentPostprocessing = 0;
		};
/* End PBXSourcesBuildPhase section */

/* Begin PBXVariantGroup section */
		49FF51F71E0C0BA100EE5CC1 /* Main.storyboard */ = {
			isa = PBXVariantGroup;
			children = (
				49FF51F81E0C0BA100EE5CC1 /* Base */,
			);
			name = Main.storyboard;
			sourceTree = "<group>";
		};
		49FF51FC1E0C0BA100EE5CC1 /* LaunchScreen.storyboard */ = {
			isa = PBXVariantGroup;
			children = (
				49FF51FD1E0C0BA100EE5CC1 /* Base */,
			);
			name = LaunchScreen.storyboard;
			sourceTree = "<group>";
		};
/* End PBXVariantGroup section */

/* Begin XCBuildConfiguration section */
		49FF52001E0C0BA100EE5CC1 /* Debug */ = {
			isa = XCBuildConfiguration;
			buildSettings = {
				ALWAYS_SEARCH_USER_PATHS = NO;
				CLANG_ANALYZER_NONNULL = YES;
				CLANG_CXX_LANGUAGE_STANDARD = "gnu++0x";
				CLANG_CXX_LIBRARY = "libc++";
				CLANG_ENABLE_MODULES = YES;
				CLANG_ENABLE_OBJC_ARC = YES;
				CLANG_WARN_BOOL_CONVERSION = YES;
				CLANG_WARN_CONSTANT_CONVERSION = YES;
				CLANG_WARN_DIRECT_OBJC_ISA_USAGE = YES_ERROR;
				CLANG_WARN_EMPTY_BODY = YES;
				CLANG_WARN_ENUM_CONVERSION = YES;
				CLANG_WARN_INT_CONVERSION = YES;
				CLANG_WARN_OBJC_ROOT_CLASS = YES_ERROR;
				CLANG_WARN_UNREACHABLE_CODE = YES;
				CLANG_WARN__DUPLICATE_METHOD_MATCH = YES;
				"CODE_SIGN_IDENTITY[sdk=iphoneos*]" = "iPhone Developer";
				COPY_PHASE_STRIP = NO;
				DEBUG_INFORMATION_FORMAT = dwarf;
				ENABLE_STRICT_OBJC_MSGSEND = YES;
				ENABLE_TESTABILITY = YES;
				GCC_C_LANGUAGE_STANDARD = gnu99;
				GCC_DYNAMIC_NO_PIC = NO;
				GCC_NO_COMMON_BLOCKS = YES;
				GCC_OPTIMIZATION_LEVEL = 0;
				GCC_PREPROCESSOR_DEFINITIONS = (
					"DEBUG=1",
					"$(inherited)",
				);
				GCC_WARN_64_TO_32_BIT_CONVERSION = YES;
				GCC_WARN_ABOUT_RETURN_TYPE = YES_ERROR;
				GCC_WARN_UNDECLARED_SELECTOR = YES;
				GCC_WARN_UNINITIALIZED_AUTOS = YES_AGGRESSIVE;
				GCC_WARN_UNUSED_FUNCTION = YES;
				GCC_WARN_UNUSED_VARIABLE = YES;
				IPHONEOS_DEPLOYMENT_TARGET = 9.3;
				MTL_ENABLE_DEBUG_INFO = YES;
				ONLY_ACTIVE_ARCH = YES;
				SDKROOT = iphoneos;
			};
			name = Debug;
		};
		49FF52011E0C0BA100EE5CC1 /* Release */ = {
			isa = XCBuildConfiguration;
			buildSettings = {
				ALWAYS_SEARCH_USER_PATHS = NO;
				CLANG_ANALYZER_NONNULL = YES;
				CLANG_CXX_LANGUAGE_STANDARD = "gnu++0x";
				CLANG_CXX_LIBRARY = "libc++";
				CLANG_ENABLE_MODULES = YES;
				CLANG_ENABLE_OBJC_ARC = YES;
				CLANG_WARN_BOOL_CONVERSION = YES;
				CLANG_WARN_CONSTANT_CONVERSION = YES;
				CLANG_WARN_DIRECT_OBJC_ISA_USAGE = YES_ERROR;
				CLANG_WARN_EMPTY_BODY = YES;
				CLANG_WARN_ENUM_CONVERSION = YES;
				CLANG_WARN_INT_CONVERSION = YES;
				CLANG_WARN_OBJC_ROOT_CLASS = YES_ERROR;
				CLANG_WARN_UNREACHABLE_CODE = YES;
				CLANG_WARN__DUPLICATE_METHOD_MATCH = YES;
				"CODE_SIGN_IDENTITY[sdk=iphoneos*]" = "iPhone Developer";
				COPY_PHASE_STRIP = NO;
				DEBUG_INFORMATION_FORMAT = "dwarf-with-dsym";
				ENABLE_NS_ASSERTIONS = NO;
				ENABLE_STRICT_OBJC_MSGSEND = YES;
				GCC_C_LANGUAGE_STANDARD = gnu99;
				GCC_NO_COMMON_BLOCKS = YES;
				GCC_WARN_64_TO_32_BIT_CONVERSION = YES;
				GCC_WARN_ABOUT_RETURN_TYPE = YES_ERROR;
				GCC_WARN_UNDECLARED_SELECTOR = YES;
				GCC_WARN_UNINITIALIZED_AUTOS = YES_AGGRESSIVE;
				GCC_WARN_UNUSED_FUNCTION = YES;
				GCC_WARN_UNUSED_VARIABLE = YES;
				IPHONEOS_DEPLOYMENT_TARGET = 9.3;
				MTL_ENABLE_DEBUG_INFO = NO;
				SDKROOT = iphoneos;
				VALIDATE_PRODUCT = YES;
			};
			name = Release;
		};
		49FF52031E0C0BA100EE5CC1 /* Debug */ = {
			isa = XCBuildConfiguration;
			baseConfigurationReference = CDD6A97F34A5FD6E20173F95 /* Pods-MLLogDemo.debug.xcconfig */;
			buildSettings = {
				ASSETCATALOG_COMPILER_APPICON_NAME = AppIcon;
				INFOPLIST_FILE = MLLogDemo/Info.plist;
				IPHONEOS_DEPLOYMENT_TARGET = 8.0;
				LD_RUNPATH_SEARCH_PATHS = "$(inherited) @executable_path/Frameworks";
				PRODUCT_BUNDLE_IDENTIFIER = com.6neko.MLLogDemo;
				PRODUCT_NAME = "$(TARGET_NAME)";
			};
			name = Debug;
		};
		49FF52041E0C0BA100EE5CC1 /* Release */ = {
			isa = XCBuildConfiguration;
			baseConfigurationReference = F6F637A12529DD3319AA9FE6 /* Pods-MLLogDemo.release.xcconfig */;
			buildSettings = {
				ASSETCATALOG_COMPILER_APPICON_NAME = AppIcon;
				INFOPLIST_FILE = MLLogDemo/Info.plist;
				IPHONEOS_DEPLOYMENT_TARGET = 8.0;
				LD_RUNPATH_SEARCH_PATHS = "$(inherited) @executable_path/Frameworks";
				PRODUCT_BUNDLE_IDENTIFIER = com.6neko.MLLogDemo;
				PRODUCT_NAME = "$(TARGET_NAME)";
			};
			name = Release;
		};
/* End XCBuildConfiguration section */

/* Begin XCConfigurationList section */
		49FF51E61E0C0BA000EE5CC1 /* Build configuration list for PBXProject "MLLogDemo" */ = {
			isa = XCConfigurationList;
			buildConfigurations = (
				49FF52001E0C0BA100EE5CC1 /* Debug */,
				49FF52011E0C0BA100EE5CC1 /* Release */,
			);
			defaultConfigurationIsVisible = 0;
			defaultConfigurationName = Release;
		};
		49FF52021E0C0BA100EE5CC1 /* Build configuration list for PBXNativeTarget "MLLogDemo" */ = {
			isa = XCConfigurationList;
			buildConfigurations = (
				49FF52031E0C0BA100EE5CC1 /* Debug */,
				49FF52041E0C0BA100EE5CC1 /* Release */,
			);
			defaultConfigurationIsVisible = 0;
			defaultConfigurationName = Release;
		};
/* End XCConfigurationList section */
	};
	rootObject = 49FF51E31E0C0BA000EE5CC1 /* Project object */;
}
